
Microsoft Visual Studio Solution File, Format Version 12.00
# Visual Studio Version 17
VisualStudioVersion = 17.4.33205.214
MinimumVisualStudioVersion = 10.0.40219.1
Project("{FAE04EC0-301F-11D3-BF4B-00C04F79EFBC}") = "CSharpCarClient", "CSharpCarClient\CSharpCarClient.csproj", "{EFCAE90A-E87E-47DF-B2D6-8192EC01ABDA}"
EndProject
Global
	GlobalSection(SolutionConfigurationPlatforms) = preSolution
		Debug|Any CPU = Debug|Any CPU
		Release|Any CPU = Release|Any CPU
	EndGlobalSection
	GlobalSection(ProjectConfigurationPlatforms) = postSolution
		{EFCAE90A-E87E-47DF-B2D6-8192EC01ABDA}.Debug|Any CPU.ActiveCfg = Debug|Any CPU
		{EFCAE90A-E87E-47DF-B2D6-8192EC01ABDA}.Debug|Any CPU.Build.0 = Debug|Any CPU
		{EFCAE90A-E87E-47DF-B2D6-8192EC01ABDA}.Release|Any CPU.ActiveCfg = Release|Any CPU
		{EFCAE90A-E87E-47DF-B2D6-8192EC01ABDA}.Release|Any CPU.Build.0 = Release|Any CPU
	EndGlobalSection
	GlobalSection(SolutionProperties) = preSolution
		HideSolutionNode = FALSE
	EndGlobalSection
	GlobalSection(ExtensibilityGlobals) = postSolution
		SolutionGuid = {3408E34F-62D1-4CE0-9506-269270A3FB95}
	EndGlobalSection
EndGlobal
