
Microsoft Visual Studio Solution File, Format Version 12.00
# Visual Studio Version 17
VisualStudioVersion = 17.6.33723.286
MinimumVisualStudioVersion = 10.0.40219.1
Project("{FAE04EC0-301F-11D3-BF4B-00C04F79EFBC}") = "VehicleDescriptionAttributeReader", "VehicleDescriptionAttributeReader\VehicleDescriptionAttributeReader.csproj", "{BADD0CF6-FF0A-4403-BC56-3A01B3060DF7}"
EndProject
Global
	GlobalSection(SolutionConfigurationPlatforms) = preSolution
		Debug|Any CPU = Debug|Any CPU
		Release|Any CPU = Release|Any CPU
	EndGlobalSection
	GlobalSection(ProjectConfigurationPlatforms) = postSolution
		{BADD0CF6-FF0A-4403-BC56-3A01B3060DF7}.Debug|Any CPU.ActiveCfg = Debug|Any CPU
		{BADD0CF6-FF0A-4403-BC56-3A01B3060DF7}.Debug|Any CPU.Build.0 = Debug|Any CPU
		{BADD0CF6-FF0A-4403-BC56-3A01B3060DF7}.Release|Any CPU.ActiveCfg = Release|Any CPU
		{BADD0CF6-FF0A-4403-BC56-3A01B3060DF7}.Release|Any CPU.Build.0 = Release|Any CPU
	EndGlobalSection
	GlobalSection(SolutionProperties) = preSolution
		HideSolutionNode = FALSE
	EndGlobalSection
	GlobalSection(ExtensibilityGlobals) = postSolution
		SolutionGuid = {E76BE35F-EDEE-4A64-A1F4-3C16BFEB6143}
	EndGlobalSection
EndGlobal
