
Microsoft Visual Studio Solution File, Format Version 12.00
# Visual Studio Version 17
VisualStudioVersion = 17.4.33205.214
MinimumVisualStudioVersion = 10.0.40219.1
Project("{FAE04EC0-301F-11D3-BF4B-00C04F79EFBC}") = "ExternalAssemblyReflector", "ExternalAssemblyReflector\ExternalAssemblyReflector.csproj", "{C593708E-F0F4-4D78-AF63-E2ED4B0EC16E}"
EndProject
Global
	GlobalSection(SolutionConfigurationPlatforms) = preSolution
		Debug|Any CPU = Debug|Any CPU
		Release|Any CPU = Release|Any CPU
	EndGlobalSection
	GlobalSection(ProjectConfigurationPlatforms) = postSolution
		{C593708E-F0F4-4D78-AF63-E2ED4B0EC16E}.Debug|Any CPU.ActiveCfg = Debug|Any CPU
		{C593708E-F0F4-4D78-AF63-E2ED4B0EC16E}.Debug|Any CPU.Build.0 = Debug|Any CPU
		{C593708E-F0F4-4D78-AF63-E2ED4B0EC16E}.Release|Any CPU.ActiveCfg = Release|Any CPU
		{C593708E-F0F4-4D78-AF63-E2ED4B0EC16E}.Release|Any CPU.Build.0 = Release|Any CPU
	EndGlobalSection
	GlobalSection(SolutionProperties) = preSolution
		HideSolutionNode = FALSE
	EndGlobalSection
	GlobalSection(ExtensibilityGlobals) = postSolution
		SolutionGuid = {1D3AACB7-F2DA-486E-9AC9-110D775EAA0D}
	EndGlobalSection
EndGlobal
