
Microsoft Visual Studio Solution File, Format Version 12.00
# Visual Studio Version 17
VisualStudioVersion = 17.6.33723.286
MinimumVisualStudioVersion = 10.0.40219.1
Project("{FAE04EC0-301F-11D3-BF4B-00C04F79EFBC}") = "DynamicKeyword", "DynamicKeyword\DynamicKeyword.csproj", "{27F762F4-DC0F-4438-8095-AC31DA4D1530}"
EndProject
Global
	GlobalSection(SolutionConfigurationPlatforms) = preSolution
		Debug|Any CPU = Debug|Any CPU
		Release|Any CPU = Release|Any CPU
	EndGlobalSection
	GlobalSection(ProjectConfigurationPlatforms) = postSolution
		{27F762F4-DC0F-4438-8095-AC31DA4D1530}.Debug|Any CPU.ActiveCfg = Debug|Any CPU
		{27F762F4-DC0F-4438-8095-AC31DA4D1530}.Debug|Any CPU.Build.0 = Debug|Any CPU
		{27F762F4-DC0F-4438-8095-AC31DA4D1530}.Release|Any CPU.ActiveCfg = Release|Any CPU
		{27F762F4-DC0F-4438-8095-AC31DA4D1530}.Release|Any CPU.Build.0 = Release|Any CPU
	EndGlobalSection
	GlobalSection(SolutionProperties) = preSolution
		HideSolutionNode = FALSE
	EndGlobalSection
	GlobalSection(ExtensibilityGlobals) = postSolution
		SolutionGuid = {97FE5AFF-0B94-496E-9753-8EF7DE884CCE}
	EndGlobalSection
EndGlobal
