
Microsoft Visual Studio Solution File, Format Version 12.00
# Visual Studio Version 17
VisualStudioVersion = 17.4.33205.214
MinimumVisualStudioVersion = 10.0.40219.1
Project("{FAE04EC0-301F-11D3-BF4B-00C04F79EFBC}") = "StringIndexer", "StringIndexer\StringIndexer.csproj", "{C73E207E-184C-4232-876E-4F938DE5DA6E}"
EndProject
Global
	GlobalSection(SolutionConfigurationPlatforms) = preSolution
		Debug|Any CPU = Debug|Any CPU
		Release|Any CPU = Release|Any CPU
	EndGlobalSection
	GlobalSection(ProjectConfigurationPlatforms) = postSolution
		{C73E207E-184C-4232-876E-4F938DE5DA6E}.Debug|Any CPU.ActiveCfg = Debug|Any CPU
		{C73E207E-184C-4232-876E-4F938DE5DA6E}.Debug|Any CPU.Build.0 = Debug|Any CPU
		{C73E207E-184C-4232-876E-4F938DE5DA6E}.Release|Any CPU.ActiveCfg = Release|Any CPU
		{C73E207E-184C-4232-876E-4F938DE5DA6E}.Release|Any CPU.Build.0 = Release|Any CPU
	EndGlobalSection
	GlobalSection(SolutionProperties) = preSolution
		HideSolutionNode = FALSE
	EndGlobalSection
	GlobalSection(ExtensibilityGlobals) = postSolution
		SolutionGuid = {8178D582-B726-4433-8CEA-3CF958DF8FA1}
	EndGlobalSection
EndGlobal
