
Microsoft Visual Studio Solution File, Format Version 12.00
# Visual Studio Version 17
VisualStudioVersion = 17.4.33205.214
MinimumVisualStudioVersion = 10.0.40219.1
Project("{FAE04EC0-301F-11D3-BF4B-00C04F79EFBC}") = "CustomNamespaces", "CustomNamespaces\CustomNamespaces.csproj", "{C268E484-FEBF-415A-B866-D67D047542FB}"
EndProject
Global
	GlobalSection(SolutionConfigurationPlatforms) = preSolution
		Debug|Any CPU = Debug|Any CPU
		Release|Any CPU = Release|Any CPU
	EndGlobalSection
	GlobalSection(ProjectConfigurationPlatforms) = postSolution
		{C268E484-FEBF-415A-B866-D67D047542FB}.Debug|Any CPU.ActiveCfg = Debug|Any CPU
		{C268E484-FEBF-415A-B866-D67D047542FB}.Debug|Any CPU.Build.0 = Debug|Any CPU
		{C268E484-FEBF-415A-B866-D67D047542FB}.Release|Any CPU.ActiveCfg = Release|Any CPU
		{C268E484-FEBF-415A-B866-D67D047542FB}.Release|Any CPU.Build.0 = Release|Any CPU
	EndGlobalSection
	GlobalSection(SolutionProperties) = preSolution
		HideSolutionNode = FALSE
	EndGlobalSection
	GlobalSection(ExtensibilityGlobals) = postSolution
		SolutionGuid = {154341DA-9C71-4BB0-A36B-E9960CA6FEF7}
	EndGlobalSection
EndGlobal
