
Microsoft Visual Studio Solution File, Format Version 12.00
# Visual Studio Version 17
VisualStudioVersion = 17.2.32630.192
MinimumVisualStudioVersion = 10.0.40219.1
Project("{FAE04EC0-301F-11D3-BF4B-00C04F79EFBC}") = "InterfaceNameClash", "InterfaceNameClash\InterfaceNameClash.csproj", "{8F75D712-6E0C-423D-8575-A761F7E20AE1}"
EndProject
Global
	GlobalSection(SolutionConfigurationPlatforms) = preSolution
		Debug|Any CPU = Debug|Any CPU
		Release|Any CPU = Release|Any CPU
	EndGlobalSection
	GlobalSection(ProjectConfigurationPlatforms) = postSolution
		{8F75D712-6E0C-423D-8575-A761F7E20AE1}.Debug|Any CPU.ActiveCfg = Debug|Any CPU
		{8F75D712-6E0C-423D-8575-A761F7E20AE1}.Debug|Any CPU.Build.0 = Debug|Any CPU
		{8F75D712-6E0C-423D-8575-A761F7E20AE1}.Release|Any CPU.ActiveCfg = Release|Any CPU
		{8F75D712-6E0C-423D-8575-A761F7E20AE1}.Release|Any CPU.Build.0 = Release|Any CPU
	EndGlobalSection
	GlobalSection(SolutionProperties) = preSolution
		HideSolutionNode = FALSE
	EndGlobalSection
	GlobalSection(ExtensibilityGlobals) = postSolution
		SolutionGuid = {C9183A6D-85C0-4C36-A2E4-73CBEC794624}
	EndGlobalSection
EndGlobal
