
Microsoft Visual Studio Solution File, Format Version 12.00
# Visual Studio Version 17
VisualStudioVersion = 17.4.33205.214
MinimumVisualStudioVersion = 10.0.40219.1
Project("{FAE04EC0-301F-11D3-BF4B-00C04F79EFBC}") = "ApplyingAttributes", "ApplyingAttributes\ApplyingAttributes.csproj", "{1E35234D-D7B0-4A8F-94EE-B9DBA6CDD918}"
EndProject
Global
	GlobalSection(SolutionConfigurationPlatforms) = preSolution
		Debug|Any CPU = Debug|Any CPU
		Release|Any CPU = Release|Any CPU
	EndGlobalSection
	GlobalSection(ProjectConfigurationPlatforms) = postSolution
		{1E35234D-D7B0-4A8F-94EE-B9DBA6CDD918}.Debug|Any CPU.ActiveCfg = Debug|Any CPU
		{1E35234D-D7B0-4A8F-94EE-B9DBA6CDD918}.Debug|Any CPU.Build.0 = Debug|Any CPU
		{1E35234D-D7B0-4A8F-94EE-B9DBA6CDD918}.Release|Any CPU.ActiveCfg = Release|Any CPU
		{1E35234D-D7B0-4A8F-94EE-B9DBA6CDD918}.Release|Any CPU.Build.0 = Release|Any CPU
	EndGlobalSection
	GlobalSection(SolutionProperties) = preSolution
		HideSolutionNode = FALSE
	EndGlobalSection
	GlobalSection(ExtensibilityGlobals) = postSolution
		SolutionGuid = {4054DC65-E4A2-4806-A965-6BC1918A5B94}
	EndGlobalSection
EndGlobal
