
Microsoft Visual Studio Solution File, Format Version 12.00
# Visual Studio Version 17
VisualStudioVersion = 17.7.34031.279
MinimumVisualStudioVersion = 10.0.40219.1
Project("{FAE04EC0-301F-11D3-BF4B-00C04F79EFBC}") = "StreamWriterReaderApp", "StreamWriterReaderApp\StreamWriterReaderApp.csproj", "{ADC9F112-C0EE-49AC-96FB-CE6E6BC05F44}"
EndProject
Global
	GlobalSection(SolutionConfigurationPlatforms) = preSolution
		Debug|Any CPU = Debug|Any CPU
		Release|Any CPU = Release|Any CPU
	EndGlobalSection
	GlobalSection(ProjectConfigurationPlatforms) = postSolution
		{ADC9F112-C0EE-49AC-96FB-CE6E6BC05F44}.Debug|Any CPU.ActiveCfg = Debug|Any CPU
		{ADC9F112-C0EE-49AC-96FB-CE6E6BC05F44}.Debug|Any CPU.Build.0 = Debug|Any CPU
		{ADC9F112-C0EE-49AC-96FB-CE6E6BC05F44}.Release|Any CPU.ActiveCfg = Release|Any CPU
		{ADC9F112-C0EE-49AC-96FB-CE6E6BC05F44}.Release|Any CPU.Build.0 = Release|Any CPU
	EndGlobalSection
	GlobalSection(SolutionProperties) = preSolution
		HideSolutionNode = FALSE
	EndGlobalSection
	GlobalSection(ExtensibilityGlobals) = postSolution
		SolutionGuid = {CC23024F-255D-4E80-B712-FEB292A7DF10}
	EndGlobalSection
EndGlobal
