
Microsoft Visual Studio Solution File, Format Version 12.00
# Visual Studio Version 17
VisualStudioVersion = 17.4.33205.214
MinimumVisualStudioVersion = 10.0.40219.1
Project("{FAE04EC0-301F-11D3-BF4B-00C04F79EFBC}") = "InterfaceExtensions", "InterfaceExtensions\InterfaceExtensions.csproj", "{BAD3A8B3-27C0-482C-A23A-6B6390A8E665}"
EndProject
Global
	GlobalSection(SolutionConfigurationPlatforms) = preSolution
		Debug|Any CPU = Debug|Any CPU
		Release|Any CPU = Release|Any CPU
	EndGlobalSection
	GlobalSection(ProjectConfigurationPlatforms) = postSolution
		{BAD3A8B3-27C0-482C-A23A-6B6390A8E665}.Debug|Any CPU.ActiveCfg = Debug|Any CPU
		{BAD3A8B3-27C0-482C-A23A-6B6390A8E665}.Debug|Any CPU.Build.0 = Debug|Any CPU
		{BAD3A8B3-27C0-482C-A23A-6B6390A8E665}.Release|Any CPU.ActiveCfg = Release|Any CPU
		{BAD3A8B3-27C0-482C-A23A-6B6390A8E665}.Release|Any CPU.Build.0 = Release|Any CPU
	EndGlobalSection
	GlobalSection(SolutionProperties) = preSolution
		HideSolutionNode = FALSE
	EndGlobalSection
	GlobalSection(ExtensibilityGlobals) = postSolution
		SolutionGuid = {326FF3B4-5628-4BA8-A787-AB3A4DE63241}
	EndGlobalSection
EndGlobal
