
Microsoft Visual Studio Solution File, Format Version 12.00
# Visual Studio Version 17
VisualStudioVersion = 17.4.33205.214
MinimumVisualStudioVersion = 10.0.40219.1
Project("{FAE04EC0-301F-11D3-BF4B-00C04F79EFBC}") = "CustomGenericMethods", "CustomGenericMethods\CustomGenericMethods.csproj", "{71E0CD54-11C6-4874-857F-948194A7E652}"
EndProject
Global
	GlobalSection(SolutionConfigurationPlatforms) = preSolution
		Debug|Any CPU = Debug|Any CPU
		Release|Any CPU = Release|Any CPU
	EndGlobalSection
	GlobalSection(ProjectConfigurationPlatforms) = postSolution
		{71E0CD54-11C6-4874-857F-948194A7E652}.Debug|Any CPU.ActiveCfg = Debug|Any CPU
		{71E0CD54-11C6-4874-857F-948194A7E652}.Debug|Any CPU.Build.0 = Debug|Any CPU
		{71E0CD54-11C6-4874-857F-948194A7E652}.Release|Any CPU.ActiveCfg = Release|Any CPU
		{71E0CD54-11C6-4874-857F-948194A7E652}.Release|Any CPU.Build.0 = Release|Any CPU
	EndGlobalSection
	GlobalSection(SolutionProperties) = preSolution
		HideSolutionNode = FALSE
	EndGlobalSection
	GlobalSection(ExtensibilityGlobals) = postSolution
		SolutionGuid = {5D1A3EDC-C558-47F7-AFAB-6286313DE5CC}
	EndGlobalSection
EndGlobal
