
Microsoft Visual Studio Solution File, Format Version 12.00
# Visual Studio Version 17
VisualStudioVersion = 17.4.33205.214
MinimumVisualStudioVersion = 10.0.40219.1
Project("{FAE04EC0-301F-11D3-BF4B-00C04F79EFBC}") = "CarEventArgs", "CarEventArgs\CarEventArgs.csproj", "{8118A1BE-15C8-4C86-B09F-989832A24CD8}"
EndProject
Global
	GlobalSection(SolutionConfigurationPlatforms) = preSolution
		Debug|Any CPU = Debug|Any CPU
		Release|Any CPU = Release|Any CPU
	EndGlobalSection
	GlobalSection(ProjectConfigurationPlatforms) = postSolution
		{8118A1BE-15C8-4C86-B09F-989832A24CD8}.Debug|Any CPU.ActiveCfg = Debug|Any CPU
		{8118A1BE-15C8-4C86-B09F-989832A24CD8}.Debug|Any CPU.Build.0 = Debug|Any CPU
		{8118A1BE-15C8-4C86-B09F-989832A24CD8}.Release|Any CPU.ActiveCfg = Release|Any CPU
		{8118A1BE-15C8-4C86-B09F-989832A24CD8}.Release|Any CPU.Build.0 = Release|Any CPU
	EndGlobalSection
	GlobalSection(SolutionProperties) = preSolution
		HideSolutionNode = FALSE
	EndGlobalSection
	GlobalSection(ExtensibilityGlobals) = postSolution
		SolutionGuid = {0A1F0FBF-DD33-47BF-A384-FE588DB0AC6F}
	EndGlobalSection
EndGlobal
