
Microsoft Visual Studio Solution File, Format Version 12.00
# Visual Studio Version 17
VisualStudioVersion = 17.7.34031.279
MinimumVisualStudioVersion = 10.0.40219.1
Project("{FAE04EC0-301F-11D3-BF4B-00C04F79EFBC}") = "AddWithThreads", "AddWithThreads\AddWithThreads.csproj", "{7242AD1F-6900-41C8-B224-A5D142DAC21D}"
EndProject
Global
	GlobalSection(SolutionConfigurationPlatforms) = preSolution
		Debug|Any CPU = Debug|Any CPU
		Release|Any CPU = Release|Any CPU
	EndGlobalSection
	GlobalSection(ProjectConfigurationPlatforms) = postSolution
		{7242AD1F-6900-41C8-B224-A5D142DAC21D}.Debug|Any CPU.ActiveCfg = Debug|Any CPU
		{7242AD1F-6900-41C8-B224-A5D142DAC21D}.Debug|Any CPU.Build.0 = Debug|Any CPU
		{7242AD1F-6900-41C8-B224-A5D142DAC21D}.Release|Any CPU.ActiveCfg = Release|Any CPU
		{7242AD1F-6900-41C8-B224-A5D142DAC21D}.Release|Any CPU.Build.0 = Release|Any CPU
	EndGlobalSection
	GlobalSection(SolutionProperties) = preSolution
		HideSolutionNode = FALSE
	EndGlobalSection
	GlobalSection(ExtensibilityGlobals) = postSolution
		SolutionGuid = {5C4601A2-96D9-4059-90C2-C2AABD628ADC}
	EndGlobalSection
EndGlobal
