
Microsoft Visual Studio Solution File, Format Version 12.00
# Visual Studio Version 17
VisualStudioVersion = 17.4.33205.214
MinimumVisualStudioVersion = 10.0.40219.1
Project("{FAE04EC0-301F-11D3-BF4B-00C04F79EFBC}") = "CheckingToPalindrome", "CheckingToPalindrome\CheckingToPalindrome.csproj", "{906680E7-0422-47DE-BBC7-7F3BEF484DB3}"
EndProject
Global
	GlobalSection(SolutionConfigurationPlatforms) = preSolution
		Debug|Any CPU = Debug|Any CPU
		Release|Any CPU = Release|Any CPU
	EndGlobalSection
	GlobalSection(ProjectConfigurationPlatforms) = postSolution
		{906680E7-0422-47DE-BBC7-7F3BEF484DB3}.Debug|Any CPU.ActiveCfg = Debug|Any CPU
		{906680E7-0422-47DE-BBC7-7F3BEF484DB3}.Debug|Any CPU.Build.0 = Debug|Any CPU
		{906680E7-0422-47DE-BBC7-7F3BEF484DB3}.Release|Any CPU.ActiveCfg = Release|Any CPU
		{906680E7-0422-47DE-BBC7-7F3BEF484DB3}.Release|Any CPU.Build.0 = Release|Any CPU
	EndGlobalSection
	GlobalSection(SolutionProperties) = preSolution
		HideSolutionNode = FALSE
	EndGlobalSection
	GlobalSection(ExtensibilityGlobals) = postSolution
		SolutionGuid = {A2428047-6163-4C60-BF26-22D1D03C4053}
	EndGlobalSection
EndGlobal
