
Microsoft Visual Studio Solution File, Format Version 12.00
# Visual Studio Version 17
VisualStudioVersion = 17.7.34031.279
MinimumVisualStudioVersion = 10.0.40219.1
Project("{FAE04EC0-301F-11D3-BF4B-00C04F79EFBC}") = "AutoLotDataReader", "AutoLotDataReader\AutoLotDataReader.csproj", "{31F911C4-9B4E-4537-980B-2AE26B91437A}"
EndProject
Global
	GlobalSection(SolutionConfigurationPlatforms) = preSolution
		Debug|Any CPU = Debug|Any CPU
		Release|Any CPU = Release|Any CPU
	EndGlobalSection
	GlobalSection(ProjectConfigurationPlatforms) = postSolution
		{31F911C4-9B4E-4537-980B-2AE26B91437A}.Debug|Any CPU.ActiveCfg = Debug|Any CPU
		{31F911C4-9B4E-4537-980B-2AE26B91437A}.Debug|Any CPU.Build.0 = Debug|Any CPU
		{31F911C4-9B4E-4537-980B-2AE26B91437A}.Release|Any CPU.ActiveCfg = Release|Any CPU
		{31F911C4-9B4E-4537-980B-2AE26B91437A}.Release|Any CPU.Build.0 = Release|Any CPU
	EndGlobalSection
	GlobalSection(SolutionProperties) = preSolution
		HideSolutionNode = FALSE
	EndGlobalSection
	GlobalSection(ExtensibilityGlobals) = postSolution
		SolutionGuid = {3DE35BDC-5B22-47E3-8BD5-93964B2304CE}
	EndGlobalSection
EndGlobal
