
Microsoft Visual Studio Solution File, Format Version 12.00
# Visual Studio Version 17
VisualStudioVersion = 17.4.33205.214
MinimumVisualStudioVersion = 10.0.40219.1
Project("{FAE04EC0-301F-11D3-BF4B-00C04F79EFBC}") = "CarLibrary", "CarLibrary\CarLibrary.csproj", "{6452CADB-3FB5-4C0D-B192-52CF5959A268}"
EndProject
Global
	GlobalSection(SolutionConfigurationPlatforms) = preSolution
		Debug|Any CPU = Debug|Any CPU
		Release|Any CPU = Release|Any CPU
	EndGlobalSection
	GlobalSection(ProjectConfigurationPlatforms) = postSolution
		{6452CADB-3FB5-4C0D-B192-52CF5959A268}.Debug|Any CPU.ActiveCfg = Debug|Any CPU
		{6452CADB-3FB5-4C0D-B192-52CF5959A268}.Debug|Any CPU.Build.0 = Debug|Any CPU
		{6452CADB-3FB5-4C0D-B192-52CF5959A268}.Release|Any CPU.ActiveCfg = Release|Any CPU
		{6452CADB-3FB5-4C0D-B192-52CF5959A268}.Release|Any CPU.Build.0 = Release|Any CPU
	EndGlobalSection
	GlobalSection(SolutionProperties) = preSolution
		HideSolutionNode = FALSE
	EndGlobalSection
	GlobalSection(ExtensibilityGlobals) = postSolution
		SolutionGuid = {9C65BEFD-9202-4FC4-A2EB-E3BEBC9FF00B}
	EndGlobalSection
EndGlobal
