
Microsoft Visual Studio Solution File, Format Version 12.00
# Visual Studio Version 17
VisualStudioVersion = 17.4.33205.214
MinimumVisualStudioVersion = 10.0.40219.1
Project("{FAE04EC0-301F-11D3-BF4B-00C04F79EFBC}") = "GenericPoint", "GenericPoint\GenericPoint.csproj", "{FC20CA0F-77C3-4985-AC15-097EB657F9C7}"
EndProject
Global
	GlobalSection(SolutionConfigurationPlatforms) = preSolution
		Debug|Any CPU = Debug|Any CPU
		Release|Any CPU = Release|Any CPU
	EndGlobalSection
	GlobalSection(ProjectConfigurationPlatforms) = postSolution
		{FC20CA0F-77C3-4985-AC15-097EB657F9C7}.Debug|Any CPU.ActiveCfg = Debug|Any CPU
		{FC20CA0F-77C3-4985-AC15-097EB657F9C7}.Debug|Any CPU.Build.0 = Debug|Any CPU
		{FC20CA0F-77C3-4985-AC15-097EB657F9C7}.Release|Any CPU.ActiveCfg = Release|Any CPU
		{FC20CA0F-77C3-4985-AC15-097EB657F9C7}.Release|Any CPU.Build.0 = Release|Any CPU
	EndGlobalSection
	GlobalSection(SolutionProperties) = preSolution
		HideSolutionNode = FALSE
	EndGlobalSection
	GlobalSection(ExtensibilityGlobals) = postSolution
		SolutionGuid = {260C78A7-60F8-4170-A630-3925DD4D513C}
	EndGlobalSection
EndGlobal
