
Microsoft Visual Studio Solution File, Format Version 12.00
# Visual Studio Version 17
VisualStudioVersion = 17.4.33205.214
MinimumVisualStudioVersion = 10.0.40219.1
Project("{FAE04EC0-301F-11D3-BF4B-00C04F79EFBC}") = "FunWithObservableCollections", "FunWithObservableCollections\FunWithObservableCollections.csproj", "{1FEF3727-5800-4C2D-B60C-25AD27CE3CE8}"
EndProject
Global
	GlobalSection(SolutionConfigurationPlatforms) = preSolution
		Debug|Any CPU = Debug|Any CPU
		Release|Any CPU = Release|Any CPU
	EndGlobalSection
	GlobalSection(ProjectConfigurationPlatforms) = postSolution
		{1FEF3727-5800-4C2D-B60C-25AD27CE3CE8}.Debug|Any CPU.ActiveCfg = Debug|Any CPU
		{1FEF3727-5800-4C2D-B60C-25AD27CE3CE8}.Debug|Any CPU.Build.0 = Debug|Any CPU
		{1FEF3727-5800-4C2D-B60C-25AD27CE3CE8}.Release|Any CPU.ActiveCfg = Release|Any CPU
		{1FEF3727-5800-4C2D-B60C-25AD27CE3CE8}.Release|Any CPU.Build.0 = Release|Any CPU
	EndGlobalSection
	GlobalSection(SolutionProperties) = preSolution
		HideSolutionNode = FALSE
	EndGlobalSection
	GlobalSection(ExtensibilityGlobals) = postSolution
		SolutionGuid = {89BD07AE-163B-4A58-95C5-2ED632C043EB}
	EndGlobalSection
EndGlobal
