
Microsoft Visual Studio Solution File, Format Version 12.00
# Visual Studio Version 17
VisualStudioVersion = 17.2.32630.192
MinimumVisualStudioVersion = 10.0.40219.1
Project("{FAE04EC0-301F-11D3-BF4B-00C04F79EFBC}") = "AutoProps", "AutoProps\AutoProps.csproj", "{58541EFB-618F-4677-B285-45548A54D4E5}"
EndProject
Global
	GlobalSection(SolutionConfigurationPlatforms) = preSolution
		Debug|Any CPU = Debug|Any CPU
		Release|Any CPU = Release|Any CPU
	EndGlobalSection
	GlobalSection(ProjectConfigurationPlatforms) = postSolution
		{58541EFB-618F-4677-B285-45548A54D4E5}.Debug|Any CPU.ActiveCfg = Debug|Any CPU
		{58541EFB-618F-4677-B285-45548A54D4E5}.Debug|Any CPU.Build.0 = Debug|Any CPU
		{58541EFB-618F-4677-B285-45548A54D4E5}.Release|Any CPU.ActiveCfg = Release|Any CPU
		{58541EFB-618F-4677-B285-45548A54D4E5}.Release|Any CPU.Build.0 = Release|Any CPU
	EndGlobalSection
	GlobalSection(SolutionProperties) = preSolution
		HideSolutionNode = FALSE
	EndGlobalSection
	GlobalSection(ExtensibilityGlobals) = postSolution
		SolutionGuid = {67D3D3EE-23F3-456D-BC75-60E8B36CCCBD}
	EndGlobalSection
EndGlobal
