
Microsoft Visual Studio Solution File, Format Version 12.00
# Visual Studio Version 17
VisualStudioVersion = 17.7.34031.279
MinimumVisualStudioVersion = 10.0.40219.1
Project("{FAE04EC0-301F-11D3-BF4B-00C04F79EFBC}") = "DataProviderFactory", "DataProviderFactory\DataProviderFactory.csproj", "{B619DFFE-5BDF-445F-A9E3-CEC29650E30C}"
EndProject
Global
	GlobalSection(SolutionConfigurationPlatforms) = preSolution
		Debug|Any CPU = Debug|Any CPU
		Release|Any CPU = Release|Any CPU
	EndGlobalSection
	GlobalSection(ProjectConfigurationPlatforms) = postSolution
		{B619DFFE-5BDF-445F-A9E3-CEC29650E30C}.Debug|Any CPU.ActiveCfg = Debug|Any CPU
		{B619DFFE-5BDF-445F-A9E3-CEC29650E30C}.Debug|Any CPU.Build.0 = Debug|Any CPU
		{B619DFFE-5BDF-445F-A9E3-CEC29650E30C}.Release|Any CPU.ActiveCfg = Release|Any CPU
		{B619DFFE-5BDF-445F-A9E3-CEC29650E30C}.Release|Any CPU.Build.0 = Release|Any CPU
	EndGlobalSection
	GlobalSection(SolutionProperties) = preSolution
		HideSolutionNode = FALSE
	EndGlobalSection
	GlobalSection(ExtensibilityGlobals) = postSolution
		SolutionGuid = {33A2FBC1-4569-41E9-A0B6-8C5C1BE9D37C}
	EndGlobalSection
EndGlobal
